
Microsoft Visual Studio Solution File, Format Version 12.00
# Visual Studio 2013
VisualStudioVersion = 12.0.40629.0
MinimumVisualStudioVersion = 10.0.40219.1
Project("{FAE04EC0-301F-11D3-BF4B-00C04F79EFBC}") = "UpdateHelper", "UpdateHelper.csproj", "{E672A4F5-0861-45FC-9467-97CC0E61C533}"
EndProject
Global
	GlobalSection(SolutionConfigurationPlatforms) = preSolution
		Debug|Any CPU = Debug|Any CPU
		Release|Any CPU = Release|Any CPU
	EndGlobalSection
	GlobalSection(ProjectConfigurationPlatforms) = postSolution
		{E672A4F5-0861-45FC-9467-97CC0E61C533}.Debug|Any CPU.ActiveCfg = Debug|Any CPU
		{E672A4F5-0861-45FC-9467-97CC0E61C533}.Debug|Any CPU.Build.0 = Debug|Any CPU
		{E672A4F5-0861-45FC-9467-97CC0E61C533}.Release|Any CPU.ActiveCfg = Release|Any CPU
		{E672A4F5-0861-45FC-9467-97CC0E61C533}.Release|Any CPU.Build.0 = Release|Any CPU
	EndGlobalSection
	GlobalSection(SolutionProperties) = preSolution
		HideSolutionNode = FALSE
	EndGlobalSection
EndGlobal
